
Microsoft Visual Studio Solution File, Format Version 12.00
# Visual Studio 15
VisualStudioVersion = 15.0.27130.2027
MinimumVisualStudioVersion = 10.0.40219.1
Project("{FAE04EC0-301F-11D3-BF4B-00C04F79EFBC}") = "MarsRover.Console", "MarsRover.Console\MarsRover.Console.csproj", "{771E9846-DF9A-4391-9390-7E59AEDF2499}"
EndProject
Project("{FAE04EC0-301F-11D3-BF4B-00C04F79EFBC}") = "MarsRover", "MarsRover\MarsRover.csproj", "{7D51E943-9131-4E07-8ABD-41208ADC7455}"
EndProject
Project("{FAE04EC0-301F-11D3-BF4B-00C04F79EFBC}") = "MarsRover.Tests", "MarsRover.Tests\MarsRover.Tests.csproj", "{1162471A-E464-479F-8257-D56448583043}"
EndProject
Global
	GlobalSection(SolutionConfigurationPlatforms) = preSolution
		Debug|Any CPU = Debug|Any CPU
		Release|Any CPU = Release|Any CPU
	EndGlobalSection
	GlobalSection(ProjectConfigurationPlatforms) = postSolution
		{771E9846-DF9A-4391-9390-7E59AEDF2499}.Debug|Any CPU.ActiveCfg = Debug|Any CPU
		{771E9846-DF9A-4391-9390-7E59AEDF2499}.Debug|Any CPU.Build.0 = Debug|Any CPU
		{771E9846-DF9A-4391-9390-7E59AEDF2499}.Release|Any CPU.ActiveCfg = Release|Any CPU
		{771E9846-DF9A-4391-9390-7E59AEDF2499}.Release|Any CPU.Build.0 = Release|Any CPU
		{7D51E943-9131-4E07-8ABD-41208ADC7455}.Debug|Any CPU.ActiveCfg = Debug|Any CPU
		{7D51E943-9131-4E07-8ABD-41208ADC7455}.Debug|Any CPU.Build.0 = Debug|Any CPU
		{7D51E943-9131-4E07-8ABD-41208ADC7455}.Release|Any CPU.ActiveCfg = Release|Any CPU
		{7D51E943-9131-4E07-8ABD-41208ADC7455}.Release|Any CPU.Build.0 = Release|Any CPU
		{1162471A-E464-479F-8257-D56448583043}.Debug|Any CPU.ActiveCfg = Debug|Any CPU
		{1162471A-E464-479F-8257-D56448583043}.Debug|Any CPU.Build.0 = Debug|Any CPU
		{1162471A-E464-479F-8257-D56448583043}.Release|Any CPU.ActiveCfg = Release|Any CPU
		{1162471A-E464-479F-8257-D56448583043}.Release|Any CPU.Build.0 = Release|Any CPU
	EndGlobalSection
	GlobalSection(SolutionProperties) = preSolution
		HideSolutionNode = FALSE
	EndGlobalSection
	GlobalSection(ExtensibilityGlobals) = postSolution
		SolutionGuid = {069229AA-EEA5-4D63-8E17-588F4085F7F6}
	EndGlobalSection
EndGlobal
